
Microsoft Visual Studio Solution File, Format Version 12.00
# Visual Studio Version 16
VisualStudioVersion = 16.0.32630.194
MinimumVisualStudioVersion = 10.0.40219.1
Project("{FAE04EC0-301F-11D3-BF4B-00C04F79EFBC}") = "ForLoopStatement", "ForLoopStatement\ForLoopStatement.csproj", "{60D869EA-47A4-456B-97C6-CCE5970652FD}"
EndProject
Global
	GlobalSection(SolutionConfigurationPlatforms) = preSolution
		Debug|Any CPU = Debug|Any CPU
		Release|Any CPU = Release|Any CPU
	EndGlobalSection
	GlobalSection(ProjectConfigurationPlatforms) = postSolution
		{60D869EA-47A4-456B-97C6-CCE5970652FD}.Debug|Any CPU.ActiveCfg = Debug|Any CPU
		{60D869EA-47A4-456B-97C6-CCE5970652FD}.Debug|Any CPU.Build.0 = Debug|Any CPU
		{60D869EA-47A4-456B-97C6-CCE5970652FD}.Release|Any CPU.ActiveCfg = Release|Any CPU
		{60D869EA-47A4-456B-97C6-CCE5970652FD}.Release|Any CPU.Build.0 = Release|Any CPU
	EndGlobalSection
	GlobalSection(SolutionProperties) = preSolution
		HideSolutionNode = FALSE
	EndGlobalSection
	GlobalSection(ExtensibilityGlobals) = postSolution
		SolutionGuid = {B82F5AC4-8DA5-491F-A70F-A680FE8BA73C}
	EndGlobalSection
EndGlobal
