
Microsoft Visual Studio Solution File, Format Version 12.00
# Visual Studio Version 16
VisualStudioVersion = 16.0.32630.194
MinimumVisualStudioVersion = 10.0.40219.1
Project("{FAE04EC0-301F-11D3-BF4B-00C04F79EFBC}") = "WhileLoopStatement", "WhileLoopStatement\WhileLoopStatement.csproj", "{DBEBB822-9D07-4914-AFA0-4DFDD31F2444}"
EndProject
Global
	GlobalSection(SolutionConfigurationPlatforms) = preSolution
		Debug|Any CPU = Debug|Any CPU
		Release|Any CPU = Release|Any CPU
	EndGlobalSection
	GlobalSection(ProjectConfigurationPlatforms) = postSolution
		{DBEBB822-9D07-4914-AFA0-4DFDD31F2444}.Debug|Any CPU.ActiveCfg = Debug|Any CPU
		{DBEBB822-9D07-4914-AFA0-4DFDD31F2444}.Debug|Any CPU.Build.0 = Debug|Any CPU
		{DBEBB822-9D07-4914-AFA0-4DFDD31F2444}.Release|Any CPU.ActiveCfg = Release|Any CPU
		{DBEBB822-9D07-4914-AFA0-4DFDD31F2444}.Release|Any CPU.Build.0 = Release|Any CPU
	EndGlobalSection
	GlobalSection(SolutionProperties) = preSolution
		HideSolutionNode = FALSE
	EndGlobalSection
	GlobalSection(ExtensibilityGlobals) = postSolution
		SolutionGuid = {7577CE36-08FC-467C-89AE-E58F6F5AF1DB}
	EndGlobalSection
EndGlobal
